
Microsoft Visual Studio Solution File, Format Version 12.00
# Visual Studio Version 17
VisualStudioVersion = 17.13.35931.197 d17.13
MinimumVisualStudioVersion = 10.0.40219.1
Project("{FAE04EC0-301F-11D3-BF4B-00C04F79EFBC}") = "FileUniter", "FileUniter\FileUniter.csproj", "{066BBF3C-44DC-453C-8E92-A0AF0C25D2DD}"
EndProject
Global
	GlobalSection(SolutionConfigurationPlatforms) = preSolution
		Debug|Any CPU = Debug|Any CPU
		Release|Any CPU = Release|Any CPU
	EndGlobalSection
	GlobalSection(ProjectConfigurationPlatforms) = postSolution
		{066BBF3C-44DC-453C-8E92-A0AF0C25D2DD}.Debug|Any CPU.ActiveCfg = Debug|Any CPU
		{066BBF3C-44DC-453C-8E92-A0AF0C25D2DD}.Debug|Any CPU.Build.0 = Debug|Any CPU
		{066BBF3C-44DC-453C-8E92-A0AF0C25D2DD}.Release|Any CPU.ActiveCfg = Release|Any CPU
		{066BBF3C-44DC-453C-8E92-A0AF0C25D2DD}.Release|Any CPU.Build.0 = Release|Any CPU
	EndGlobalSection
	GlobalSection(SolutionProperties) = preSolution
		HideSolutionNode = FALSE
	EndGlobalSection
	GlobalSection(ExtensibilityGlobals) = postSolution
		SolutionGuid = {D59DA159-A557-427C-BD4E-53C11E2E9FB0}
	EndGlobalSection
EndGlobal
